
Microsoft Visual Studio Solution File, Format Version 12.00
# Visual Studio Version 17
VisualStudioVersion = 17.14.36623.8
MinimumVisualStudioVersion = 10.0.40219.1
Project("{2150E333-8FDC-42A3-9474-1A3956D46DE8}") = "Chapter00", "Chapter00", "{DDB4EF12-CC4E-5E88-E6FC-71A802F4DE97}"
EndProject
Project("{FAE04EC0-301F-11D3-BF4B-00C04F79EFBC}") = "Sample0416", "Chapter00\Sample0416\Sample0416.csproj", "{C885EBB5-C07F-409E-89C2-F974D627C226}"
EndProject
Project("{FAE04EC0-301F-11D3-BF4B-00C04F79EFBC}") = "Sample0415", "Chapter00\Sample0415\Sample0415\Sample0415.csproj", "{D0F00D84-AD20-C5D6-67FE-85D6CB59A7CE}"
EndProject
Project("{FAE04EC0-301F-11D3-BF4B-00C04F79EFBC}") = "Sanple0413", "Chapter00\Sanple0413\Sanple0413\Sanple0413.csproj", "{6B68CCF8-C449-033A-60A4-D32FC5A10EB9}"
EndProject
Project("{2150E333-8FDC-42A3-9474-1A3956D46DE8}") = "Chapter01", "Chapter01", "{7BAC0E25-1341-4043-9B43-15EFA74B5268}"
EndProject
Project("{2150E333-8FDC-42A3-9474-1A3956D46DE8}") = "Chapter02", "Chapter02", "{D6FF23E2-5AF3-4C7B-A8D3-57DE940A2897}"
EndProject
Project("{2150E333-8FDC-42A3-9474-1A3956D46DE8}") = "距離換算プログラム", "距離換算プログラム", "{AD496700-A334-4986-83BB-CD9FC15E75EB}"
EndProject
Project("{FAE04EC0-301F-11D3-BF4B-00C04F79EFBC}") = "DistanceConverter", "Chapter02\距離換算プログラム\DistanceConverter\DistanceConverter\DistanceConverter.csproj", "{6AF13D26-E66A-43A2-8DB2-A96627B73864}"
EndProject
Project("{2150E333-8FDC-42A3-9474-1A3956D46DE8}") = "Chapter04", "Chapter04", "{21455EF4-1A12-4F77-990D-074A66EC7E80}"
EndProject
Project("{2150E333-8FDC-42A3-9474-1A3956D46DE8}") = "p108_文字列を数値に変換する", "p108_文字列を数値に変換する", "{B0E37393-66C5-45EA-9C5E-458E7C74E29E}"
EndProject
Project("{FAE04EC0-301F-11D3-BF4B-00C04F79EFBC}") = "Code4_36", "Chapter04\文字列を数値に変換する\Code4_36\Code4_36.csproj", "{7FAD29B1-47A0-46D4-8270-0D31F92ADE2A}"
EndProject
Project("{2150E333-8FDC-42A3-9474-1A3956D46DE8}") = "売り上げ集計プログラム", "売り上げ集計プログラム", "{FACCAD7C-C552-427F-8CD6-6190834C0B9D}"
EndProject
Project("{FAE04EC0-301F-11D3-BF4B-00C04F79EFBC}") = "SalesCalculator", "Chapter02\売り上げ集計プログラム\SalesCalculator\SalesCalculator.csproj", "{E8453488-AF34-4FBA-8209-60738414E7D8}"
EndProject
Project("{2150E333-8FDC-42A3-9474-1A3956D46DE8}") = "演習問題", "演習問題", "{F97A5C60-B414-4473-8ADB-9EFA356D125A}"
EndProject
Project("{FAE04EC0-301F-11D3-BF4B-00C04F79EFBC}") = "Exercise01", "Chapter02\演習問題\Exercise01\Exercise01.csproj", "{4BA8A2F0-D92A-42B7-A9EF-92476B185538}"
EndProject
Project("{FAE04EC0-301F-11D3-BF4B-00C04F79EFBC}") = "Exercise02", "Chapter02\演習問題\Exercise02\Exercise02.csproj", "{3B241A48-F245-4644-8196-36E2A62B2472}"
EndProject
Project("{2150E333-8FDC-42A3-9474-1A3956D46DE8}") = "Chapter03", "Chapter03", "{8045C552-C8CE-404A-9955-02F030BBD457}"
EndProject
Project("{2150E333-8FDC-42A3-9474-1A3956D46DE8}") = "ラムダ式とLINQ", "ラムダ式とLINQ", "{BFFC12A1-1E89-48DA-863D-F7DA19B306E0}"
EndProject
Project("{FAE04EC0-301F-11D3-BF4B-00C04F79EFBC}") = "Section01", "Chapter03\ラムダ式とLINQ\Section01\Section01.csproj", "{4B266F34-49EB-4FA7-A66B-48952910A352}"
EndProject
Project("{FAE04EC0-301F-11D3-BF4B-00C04F79EFBC}") = "Section04", "Chapter03\ラムダ式とLINQ\Section04\Section04.csproj", "{450170BA-EA3D-4175-AC46-712E5FFCAE05}"
EndProject
Project("{2150E333-8FDC-42A3-9474-1A3956D46DE8}") = "演習問題", "演習問題", "{660496D6-7DE3-4A22-B96D-5A282583E812}"
EndProject
Project("{FAE04EC0-301F-11D3-BF4B-00C04F79EFBC}") = "Exercise01", "Chapter03\演習問題\Exercise01\Exercise01.csproj", "{F9B69E58-7A82-45CB-8CE1-F545C49CCC72}"
EndProject
Project("{FAE04EC0-301F-11D3-BF4B-00C04F79EFBC}") = "Exercise02", "Chapter03\演習問題\Exercise02\Exercise02.csproj", "{04DCA322-0746-4504-A5F8-6B603676BA7E}"
EndProject
Project("{2150E333-8FDC-42A3-9474-1A3956D46DE8}") = "P098_nullに関するイディオム", "P098_nullに関するイディオム", "{2E44FE88-3707-479D-B45A-6676DD99A9FC}"
EndProject
Project("{FAE04EC0-301F-11D3-BF4B-00C04F79EFBC}") = "Section04", "Chapter04\nullに関するイディオム\Section04\Section04.csproj", "{1CEDC68A-236A-4567-9832-A6D033B342E2}"
EndProject
Project("{2150E333-8FDC-42A3-9474-1A3956D46DE8}") = "演習問題", "演習問題", "{A3ECA6F0-6EE2-43B9-A9A7-80D1BD13758D}"
EndProject
Project("{FAE04EC0-301F-11D3-BF4B-00C04F79EFBC}") = "Exercise01", "Chapter04\演習問題\Exercise01\Exercise01.csproj", "{10F6CF4E-B5D3-4E6A-946F-B1C4200E6E1E}"
EndProject
Project("{FAE04EC0-301F-11D3-BF4B-00C04F79EFBC}") = "Exercise02", "Chapter04\演習問題\Exercise02\Exercise02\Exercise02.csproj", "{613BB822-8758-4C9A-824B-63089EA96674}"
EndProject
Project("{2150E333-8FDC-42A3-9474-1A3956D46DE8}") = "Chapter05", "Chapter05", "{761D6155-905B-4935-92F9-4C8FC14CD080}"
EndProject
Project("{2150E333-8FDC-42A3-9474-1A3956D46DE8}") = "プロパティに関するイディオム", "プロパティに関するイディオム", "{E059A8FF-F92D-4676-B19F-06E6139B48A6}"
EndProject
Project("{FAE04EC0-301F-11D3-BF4B-00C04F79EFBC}") = "Section01", "Chapter05\プロパティに関するイディオム\Section01\Section01.csproj", "{E61E170D-FFE0-44E6-97BB-20765DC882D6}"
EndProject
Project("{2150E333-8FDC-42A3-9474-1A3956D46DE8}") = "メソッドに関するイディオム", "メソッドに関するイディオム", "{496664CF-C076-4C9D-AE06-9E1078804549}"
EndProject
Project("{FAE04EC0-301F-11D3-BF4B-00C04F79EFBC}") = "Section02", "Chapter05\メソッドに関するイディオム\Section02\Section02.csproj", "{086C22D4-DF87-4B22-8806-FDC528814B09}"
EndProject
Project("{2150E333-8FDC-42A3-9474-1A3956D46DE8}") = "演習問題", "演習問題", "{5ADD6BA1-42CF-42FB-A079-2145B7C0450A}"
EndProject
Project("{FAE04EC0-301F-11D3-BF4B-00C04F79EFBC}") = "Exercise01", "Chapter05\演習問題\Exercise01\Exercise01.csproj", "{B05B932B-EDE3-4A7E-A085-9C1ECB860874}"
EndProject
Project("{FAE04EC0-301F-11D3-BF4B-00C04F79EFBC}") = "Exercise02", "Chapter05\演習問題\Exercise02\Exercise02\Exercise02.csproj", "{CA011BBA-D24E-4364-9CA4-6E7D407116AE}"
EndProject
Project("{FAE04EC0-301F-11D3-BF4B-00C04F79EFBC}") = "Exercise03", "Chapter05\演習問題\Exercise03\Exercise03\Exercise03.csproj", "{96AA1428-FD09-4CE6-8689-9362D03922B3}"
EndProject
Project("{2150E333-8FDC-42A3-9474-1A3956D46DE8}") = "Chapter06", "Chapter06", "{C4CC00B2-1383-4BEC-A11E-E196519140E4}"
EndProject
Project("{2150E333-8FDC-42A3-9474-1A3956D46DE8}") = "文字列の比較", "文字列の比較", "{959472BB-AF10-4D1F-8078-78247DF34CFF}"
EndProject
Project("{FAE04EC0-301F-11D3-BF4B-00C04F79EFBC}") = "Section01", "Chapter06\文字列の比較\Section01\Section01.csproj", "{BE07D859-F417-483E-B288-9D3EB9108C36}"
EndProject
Project("{2150E333-8FDC-42A3-9474-1A3956D46DE8}") = "演習問題", "演習問題", "{D9BF0696-2521-435F-B22F-267128883B65}"
EndProject
Project("{FAE04EC0-301F-11D3-BF4B-00C04F79EFBC}") = "Exercise01", "Chapter06\演習問題\Exercise01\Exercise01.csproj", "{91739F63-E32F-4B4A-8321-FDF438D7D38C}"
EndProject
Project("{FAE04EC0-301F-11D3-BF4B-00C04F79EFBC}") = "Exercise02", "Chapter06\演習問題\Exercise02\Exercise02.csproj", "{2205581E-45CF-41CC-A462-9ED34E081C47}"
EndProject
Project("{FAE04EC0-301F-11D3-BF4B-00C04F79EFBC}") = "Exercise03", "Chapter06\演習問題\Exercise03\Exercise03.csproj", "{E5C89D27-EF53-47E8-B893-BF3DAD5DEBB7}"
EndProject
Project("{2150E333-8FDC-42A3-9474-1A3956D46DE8}") = "文字列の連結と分割", "文字列の連結と分割", "{537F6F45-BFA3-4093-A855-EAD4FF2FF175}"
EndProject
Project("{FAE04EC0-301F-11D3-BF4B-00C04F79EFBC}") = "Section05", "Chapter06\文字列の連結と分割\Section05\Section05.csproj", "{88953AF4-7DDA-4D43-9032-D64B205FC934}"
EndProject
Project("{FAE04EC0-301F-11D3-BF4B-00C04F79EFBC}") = "Exercise04", "Chapter06\演習問題\Exercise04\Exercise04.csproj", "{8758FBDB-9295-0DA5-31B6-DA01667F06FB}"
EndProject
Project("{2150E333-8FDC-42A3-9474-1A3956D46DE8}") = "Chapter07", "Chapter07", "{98E26C3A-B6EE-43F2-B471-D0FEFCA580D6}"
EndProject
Project("{2150E333-8FDC-42A3-9474-1A3956D46DE8}") = "演習問題", "演習問題", "{A369BD01-EA22-4EDA-80CB-CF9D7922620C}"
EndProject
Project("{FAE04EC0-301F-11D3-BF4B-00C04F79EFBC}") = "Section01", "Chapter07\Section01\Section01.csproj", "{E73DC457-B90B-4D0C-A04B-7DA27036A153}"
EndProject
Project("{FAE04EC0-301F-11D3-BF4B-00C04F79EFBC}") = "Exercise01", "Chapter07\演習問題\Exercise01\Exercise01.csproj", "{34E9AE1E-D7D4-499F-B4CC-E1A17DD15824}"
EndProject
Global
	GlobalSection(SolutionConfigurationPlatforms) = preSolution
		Debug|Any CPU = Debug|Any CPU
		Release|Any CPU = Release|Any CPU
	EndGlobalSection
	GlobalSection(ProjectConfigurationPlatforms) = postSolution
		{C885EBB5-C07F-409E-89C2-F974D627C226}.Debug|Any CPU.ActiveCfg = Debug|Any CPU
		{C885EBB5-C07F-409E-89C2-F974D627C226}.Debug|Any CPU.Build.0 = Debug|Any CPU
		{C885EBB5-C07F-409E-89C2-F974D627C226}.Release|Any CPU.ActiveCfg = Release|Any CPU
		{C885EBB5-C07F-409E-89C2-F974D627C226}.Release|Any CPU.Build.0 = Release|Any CPU
		{D0F00D84-AD20-C5D6-67FE-85D6CB59A7CE}.Debug|Any CPU.ActiveCfg = Debug|Any CPU
		{D0F00D84-AD20-C5D6-67FE-85D6CB59A7CE}.Debug|Any CPU.Build.0 = Debug|Any CPU
		{D0F00D84-AD20-C5D6-67FE-85D6CB59A7CE}.Release|Any CPU.ActiveCfg = Release|Any CPU
		{D0F00D84-AD20-C5D6-67FE-85D6CB59A7CE}.Release|Any CPU.Build.0 = Release|Any CPU
		{6B68CCF8-C449-033A-60A4-D32FC5A10EB9}.Debug|Any CPU.ActiveCfg = Debug|Any CPU
		{6B68CCF8-C449-033A-60A4-D32FC5A10EB9}.Debug|Any CPU.Build.0 = Debug|Any CPU
		{6B68CCF8-C449-033A-60A4-D32FC5A10EB9}.Release|Any CPU.ActiveCfg = Release|Any CPU
		{6B68CCF8-C449-033A-60A4-D32FC5A10EB9}.Release|Any CPU.Build.0 = Release|Any CPU
		{6AF13D26-E66A-43A2-8DB2-A96627B73864}.Debug|Any CPU.ActiveCfg = Debug|Any CPU
		{6AF13D26-E66A-43A2-8DB2-A96627B73864}.Debug|Any CPU.Build.0 = Debug|Any CPU
		{6AF13D26-E66A-43A2-8DB2-A96627B73864}.Release|Any CPU.ActiveCfg = Release|Any CPU
		{6AF13D26-E66A-43A2-8DB2-A96627B73864}.Release|Any CPU.Build.0 = Release|Any CPU
		{7FAD29B1-47A0-46D4-8270-0D31F92ADE2A}.Debug|Any CPU.ActiveCfg = Debug|Any CPU
		{7FAD29B1-47A0-46D4-8270-0D31F92ADE2A}.Debug|Any CPU.Build.0 = Debug|Any CPU
		{7FAD29B1-47A0-46D4-8270-0D31F92ADE2A}.Release|Any CPU.ActiveCfg = Release|Any CPU
		{7FAD29B1-47A0-46D4-8270-0D31F92ADE2A}.Release|Any CPU.Build.0 = Release|Any CPU
		{E8453488-AF34-4FBA-8209-60738414E7D8}.Debug|Any CPU.ActiveCfg = Debug|Any CPU
		{E8453488-AF34-4FBA-8209-60738414E7D8}.Debug|Any CPU.Build.0 = Debug|Any CPU
		{E8453488-AF34-4FBA-8209-60738414E7D8}.Release|Any CPU.ActiveCfg = Release|Any CPU
		{E8453488-AF34-4FBA-8209-60738414E7D8}.Release|Any CPU.Build.0 = Release|Any CPU
		{4BA8A2F0-D92A-42B7-A9EF-92476B185538}.Debug|Any CPU.ActiveCfg = Debug|Any CPU
		{4BA8A2F0-D92A-42B7-A9EF-92476B185538}.Debug|Any CPU.Build.0 = Debug|Any CPU
		{4BA8A2F0-D92A-42B7-A9EF-92476B185538}.Release|Any CPU.ActiveCfg = Release|Any CPU
		{4BA8A2F0-D92A-42B7-A9EF-92476B185538}.Release|Any CPU.Build.0 = Release|Any CPU
		{3B241A48-F245-4644-8196-36E2A62B2472}.Debug|Any CPU.ActiveCfg = Debug|Any CPU
		{3B241A48-F245-4644-8196-36E2A62B2472}.Debug|Any CPU.Build.0 = Debug|Any CPU
		{3B241A48-F245-4644-8196-36E2A62B2472}.Release|Any CPU.ActiveCfg = Release|Any CPU
		{3B241A48-F245-4644-8196-36E2A62B2472}.Release|Any CPU.Build.0 = Release|Any CPU
		{4B266F34-49EB-4FA7-A66B-48952910A352}.Debug|Any CPU.ActiveCfg = Debug|Any CPU
		{4B266F34-49EB-4FA7-A66B-48952910A352}.Debug|Any CPU.Build.0 = Debug|Any CPU
		{4B266F34-49EB-4FA7-A66B-48952910A352}.Release|Any CPU.ActiveCfg = Release|Any CPU
		{4B266F34-49EB-4FA7-A66B-48952910A352}.Release|Any CPU.Build.0 = Release|Any CPU
		{450170BA-EA3D-4175-AC46-712E5FFCAE05}.Debug|Any CPU.ActiveCfg = Debug|Any CPU
		{450170BA-EA3D-4175-AC46-712E5FFCAE05}.Debug|Any CPU.Build.0 = Debug|Any CPU
		{450170BA-EA3D-4175-AC46-712E5FFCAE05}.Release|Any CPU.ActiveCfg = Release|Any CPU
		{450170BA-EA3D-4175-AC46-712E5FFCAE05}.Release|Any CPU.Build.0 = Release|Any CPU
		{F9B69E58-7A82-45CB-8CE1-F545C49CCC72}.Debug|Any CPU.ActiveCfg = Debug|Any CPU
		{F9B69E58-7A82-45CB-8CE1-F545C49CCC72}.Debug|Any CPU.Build.0 = Debug|Any CPU
		{F9B69E58-7A82-45CB-8CE1-F545C49CCC72}.Release|Any CPU.ActiveCfg = Release|Any CPU
		{F9B69E58-7A82-45CB-8CE1-F545C49CCC72}.Release|Any CPU.Build.0 = Release|Any CPU
		{04DCA322-0746-4504-A5F8-6B603676BA7E}.Debug|Any CPU.ActiveCfg = Debug|Any CPU
		{04DCA322-0746-4504-A5F8-6B603676BA7E}.Debug|Any CPU.Build.0 = Debug|Any CPU
		{04DCA322-0746-4504-A5F8-6B603676BA7E}.Release|Any CPU.ActiveCfg = Release|Any CPU
		{04DCA322-0746-4504-A5F8-6B603676BA7E}.Release|Any CPU.Build.0 = Release|Any CPU
		{1CEDC68A-236A-4567-9832-A6D033B342E2}.Debug|Any CPU.ActiveCfg = Debug|Any CPU
		{1CEDC68A-236A-4567-9832-A6D033B342E2}.Debug|Any CPU.Build.0 = Debug|Any CPU
		{1CEDC68A-236A-4567-9832-A6D033B342E2}.Release|Any CPU.ActiveCfg = Release|Any CPU
		{1CEDC68A-236A-4567-9832-A6D033B342E2}.Release|Any CPU.Build.0 = Release|Any CPU
		{10F6CF4E-B5D3-4E6A-946F-B1C4200E6E1E}.Debug|Any CPU.ActiveCfg = Debug|Any CPU
		{10F6CF4E-B5D3-4E6A-946F-B1C4200E6E1E}.Debug|Any CPU.Build.0 = Debug|Any CPU
		{10F6CF4E-B5D3-4E6A-946F-B1C4200E6E1E}.Release|Any CPU.ActiveCfg = Release|Any CPU
		{10F6CF4E-B5D3-4E6A-946F-B1C4200E6E1E}.Release|Any CPU.Build.0 = Release|Any CPU
		{613BB822-8758-4C9A-824B-63089EA96674}.Debug|Any CPU.ActiveCfg = Debug|Any CPU
		{613BB822-8758-4C9A-824B-63089EA96674}.Debug|Any CPU.Build.0 = Debug|Any CPU
		{613BB822-8758-4C9A-824B-63089EA96674}.Release|Any CPU.ActiveCfg = Release|Any CPU
		{613BB822-8758-4C9A-824B-63089EA96674}.Release|Any CPU.Build.0 = Release|Any CPU
		{E61E170D-FFE0-44E6-97BB-20765DC882D6}.Debug|Any CPU.ActiveCfg = Debug|Any CPU
		{E61E170D-FFE0-44E6-97BB-20765DC882D6}.Debug|Any CPU.Build.0 = Debug|Any CPU
		{E61E170D-FFE0-44E6-97BB-20765DC882D6}.Release|Any CPU.ActiveCfg = Release|Any CPU
		{E61E170D-FFE0-44E6-97BB-20765DC882D6}.Release|Any CPU.Build.0 = Release|Any CPU
		{086C22D4-DF87-4B22-8806-FDC528814B09}.Debug|Any CPU.ActiveCfg = Debug|Any CPU
		{086C22D4-DF87-4B22-8806-FDC528814B09}.Debug|Any CPU.Build.0 = Debug|Any CPU
		{086C22D4-DF87-4B22-8806-FDC528814B09}.Release|Any CPU.ActiveCfg = Release|Any CPU
		{086C22D4-DF87-4B22-8806-FDC528814B09}.Release|Any CPU.Build.0 = Release|Any CPU
		{B05B932B-EDE3-4A7E-A085-9C1ECB860874}.Debug|Any CPU.ActiveCfg = Debug|Any CPU
		{B05B932B-EDE3-4A7E-A085-9C1ECB860874}.Debug|Any CPU.Build.0 = Debug|Any CPU
		{B05B932B-EDE3-4A7E-A085-9C1ECB860874}.Release|Any CPU.ActiveCfg = Release|Any CPU
		{B05B932B-EDE3-4A7E-A085-9C1ECB860874}.Release|Any CPU.Build.0 = Release|Any CPU
		{CA011BBA-D24E-4364-9CA4-6E7D407116AE}.Debug|Any CPU.ActiveCfg = Debug|Any CPU
		{CA011BBA-D24E-4364-9CA4-6E7D407116AE}.Debug|Any CPU.Build.0 = Debug|Any CPU
		{CA011BBA-D24E-4364-9CA4-6E7D407116AE}.Release|Any CPU.ActiveCfg = Release|Any CPU
		{CA011BBA-D24E-4364-9CA4-6E7D407116AE}.Release|Any CPU.Build.0 = Release|Any CPU
		{96AA1428-FD09-4CE6-8689-9362D03922B3}.Debug|Any CPU.ActiveCfg = Debug|Any CPU
		{96AA1428-FD09-4CE6-8689-9362D03922B3}.Debug|Any CPU.Build.0 = Debug|Any CPU
		{96AA1428-FD09-4CE6-8689-9362D03922B3}.Release|Any CPU.ActiveCfg = Release|Any CPU
		{96AA1428-FD09-4CE6-8689-9362D03922B3}.Release|Any CPU.Build.0 = Release|Any CPU
		{BE07D859-F417-483E-B288-9D3EB9108C36}.Debug|Any CPU.ActiveCfg = Debug|Any CPU
		{BE07D859-F417-483E-B288-9D3EB9108C36}.Debug|Any CPU.Build.0 = Debug|Any CPU
		{BE07D859-F417-483E-B288-9D3EB9108C36}.Release|Any CPU.ActiveCfg = Release|Any CPU
		{BE07D859-F417-483E-B288-9D3EB9108C36}.Release|Any CPU.Build.0 = Release|Any CPU
		{91739F63-E32F-4B4A-8321-FDF438D7D38C}.Debug|Any CPU.ActiveCfg = Debug|Any CPU
		{91739F63-E32F-4B4A-8321-FDF438D7D38C}.Debug|Any CPU.Build.0 = Debug|Any CPU
		{91739F63-E32F-4B4A-8321-FDF438D7D38C}.Release|Any CPU.ActiveCfg = Release|Any CPU
		{91739F63-E32F-4B4A-8321-FDF438D7D38C}.Release|Any CPU.Build.0 = Release|Any CPU
		{2205581E-45CF-41CC-A462-9ED34E081C47}.Debug|Any CPU.ActiveCfg = Debug|Any CPU
		{2205581E-45CF-41CC-A462-9ED34E081C47}.Debug|Any CPU.Build.0 = Debug|Any CPU
		{2205581E-45CF-41CC-A462-9ED34E081C47}.Release|Any CPU.ActiveCfg = Release|Any CPU
		{2205581E-45CF-41CC-A462-9ED34E081C47}.Release|Any CPU.Build.0 = Release|Any CPU
		{E5C89D27-EF53-47E8-B893-BF3DAD5DEBB7}.Debug|Any CPU.ActiveCfg = Debug|Any CPU
		{E5C89D27-EF53-47E8-B893-BF3DAD5DEBB7}.Debug|Any CPU.Build.0 = Debug|Any CPU
		{E5C89D27-EF53-47E8-B893-BF3DAD5DEBB7}.Release|Any CPU.ActiveCfg = Release|Any CPU
		{E5C89D27-EF53-47E8-B893-BF3DAD5DEBB7}.Release|Any CPU.Build.0 = Release|Any CPU
		{88953AF4-7DDA-4D43-9032-D64B205FC934}.Debug|Any CPU.ActiveCfg = Debug|Any CPU
		{88953AF4-7DDA-4D43-9032-D64B205FC934}.Debug|Any CPU.Build.0 = Debug|Any CPU
		{88953AF4-7DDA-4D43-9032-D64B205FC934}.Release|Any CPU.ActiveCfg = Release|Any CPU
		{88953AF4-7DDA-4D43-9032-D64B205FC934}.Release|Any CPU.Build.0 = Release|Any CPU
		{8758FBDB-9295-0DA5-31B6-DA01667F06FB}.Debug|Any CPU.ActiveCfg = Debug|Any CPU
		{8758FBDB-9295-0DA5-31B6-DA01667F06FB}.Debug|Any CPU.Build.0 = Debug|Any CPU
		{8758FBDB-9295-0DA5-31B6-DA01667F06FB}.Release|Any CPU.ActiveCfg = Release|Any CPU
		{8758FBDB-9295-0DA5-31B6-DA01667F06FB}.Release|Any CPU.Build.0 = Release|Any CPU
		{E73DC457-B90B-4D0C-A04B-7DA27036A153}.Debug|Any CPU.ActiveCfg = Debug|Any CPU
		{E73DC457-B90B-4D0C-A04B-7DA27036A153}.Debug|Any CPU.Build.0 = Debug|Any CPU
		{E73DC457-B90B-4D0C-A04B-7DA27036A153}.Release|Any CPU.ActiveCfg = Release|Any CPU
		{E73DC457-B90B-4D0C-A04B-7DA27036A153}.Release|Any CPU.Build.0 = Release|Any CPU
		{34E9AE1E-D7D4-499F-B4CC-E1A17DD15824}.Debug|Any CPU.ActiveCfg = Debug|Any CPU
		{34E9AE1E-D7D4-499F-B4CC-E1A17DD15824}.Debug|Any CPU.Build.0 = Debug|Any CPU
		{34E9AE1E-D7D4-499F-B4CC-E1A17DD15824}.Release|Any CPU.ActiveCfg = Release|Any CPU
		{34E9AE1E-D7D4-499F-B4CC-E1A17DD15824}.Release|Any CPU.Build.0 = Release|Any CPU
	EndGlobalSection
	GlobalSection(SolutionProperties) = preSolution
		HideSolutionNode = FALSE
	EndGlobalSection
	GlobalSection(NestedProjects) = preSolution
		{C885EBB5-C07F-409E-89C2-F974D627C226} = {DDB4EF12-CC4E-5E88-E6FC-71A802F4DE97}
		{D0F00D84-AD20-C5D6-67FE-85D6CB59A7CE} = {DDB4EF12-CC4E-5E88-E6FC-71A802F4DE97}
		{6B68CCF8-C449-033A-60A4-D32FC5A10EB9} = {DDB4EF12-CC4E-5E88-E6FC-71A802F4DE97}
		{AD496700-A334-4986-83BB-CD9FC15E75EB} = {D6FF23E2-5AF3-4C7B-A8D3-57DE940A2897}
		{6AF13D26-E66A-43A2-8DB2-A96627B73864} = {AD496700-A334-4986-83BB-CD9FC15E75EB}
		{B0E37393-66C5-45EA-9C5E-458E7C74E29E} = {21455EF4-1A12-4F77-990D-074A66EC7E80}
		{7FAD29B1-47A0-46D4-8270-0D31F92ADE2A} = {B0E37393-66C5-45EA-9C5E-458E7C74E29E}
		{FACCAD7C-C552-427F-8CD6-6190834C0B9D} = {D6FF23E2-5AF3-4C7B-A8D3-57DE940A2897}
		{E8453488-AF34-4FBA-8209-60738414E7D8} = {FACCAD7C-C552-427F-8CD6-6190834C0B9D}
		{F97A5C60-B414-4473-8ADB-9EFA356D125A} = {D6FF23E2-5AF3-4C7B-A8D3-57DE940A2897}
		{4BA8A2F0-D92A-42B7-A9EF-92476B185538} = {F97A5C60-B414-4473-8ADB-9EFA356D125A}
		{3B241A48-F245-4644-8196-36E2A62B2472} = {F97A5C60-B414-4473-8ADB-9EFA356D125A}
		{BFFC12A1-1E89-48DA-863D-F7DA19B306E0} = {8045C552-C8CE-404A-9955-02F030BBD457}
		{4B266F34-49EB-4FA7-A66B-48952910A352} = {BFFC12A1-1E89-48DA-863D-F7DA19B306E0}
		{450170BA-EA3D-4175-AC46-712E5FFCAE05} = {BFFC12A1-1E89-48DA-863D-F7DA19B306E0}
		{660496D6-7DE3-4A22-B96D-5A282583E812} = {8045C552-C8CE-404A-9955-02F030BBD457}
		{F9B69E58-7A82-45CB-8CE1-F545C49CCC72} = {660496D6-7DE3-4A22-B96D-5A282583E812}
		{04DCA322-0746-4504-A5F8-6B603676BA7E} = {660496D6-7DE3-4A22-B96D-5A282583E812}
		{2E44FE88-3707-479D-B45A-6676DD99A9FC} = {21455EF4-1A12-4F77-990D-074A66EC7E80}
		{1CEDC68A-236A-4567-9832-A6D033B342E2} = {2E44FE88-3707-479D-B45A-6676DD99A9FC}
		{A3ECA6F0-6EE2-43B9-A9A7-80D1BD13758D} = {21455EF4-1A12-4F77-990D-074A66EC7E80}
		{10F6CF4E-B5D3-4E6A-946F-B1C4200E6E1E} = {A3ECA6F0-6EE2-43B9-A9A7-80D1BD13758D}
		{613BB822-8758-4C9A-824B-63089EA96674} = {A3ECA6F0-6EE2-43B9-A9A7-80D1BD13758D}
		{E059A8FF-F92D-4676-B19F-06E6139B48A6} = {761D6155-905B-4935-92F9-4C8FC14CD080}
		{E61E170D-FFE0-44E6-97BB-20765DC882D6} = {E059A8FF-F92D-4676-B19F-06E6139B48A6}
		{496664CF-C076-4C9D-AE06-9E1078804549} = {761D6155-905B-4935-92F9-4C8FC14CD080}
		{086C22D4-DF87-4B22-8806-FDC528814B09} = {496664CF-C076-4C9D-AE06-9E1078804549}
		{5ADD6BA1-42CF-42FB-A079-2145B7C0450A} = {761D6155-905B-4935-92F9-4C8FC14CD080}
		{B05B932B-EDE3-4A7E-A085-9C1ECB860874} = {5ADD6BA1-42CF-42FB-A079-2145B7C0450A}
		{CA011BBA-D24E-4364-9CA4-6E7D407116AE} = {5ADD6BA1-42CF-42FB-A079-2145B7C0450A}
		{96AA1428-FD09-4CE6-8689-9362D03922B3} = {5ADD6BA1-42CF-42FB-A079-2145B7C0450A}
		{959472BB-AF10-4D1F-8078-78247DF34CFF} = {C4CC00B2-1383-4BEC-A11E-E196519140E4}
		{BE07D859-F417-483E-B288-9D3EB9108C36} = {959472BB-AF10-4D1F-8078-78247DF34CFF}
		{D9BF0696-2521-435F-B22F-267128883B65} = {C4CC00B2-1383-4BEC-A11E-E196519140E4}
		{91739F63-E32F-4B4A-8321-FDF438D7D38C} = {D9BF0696-2521-435F-B22F-267128883B65}
		{2205581E-45CF-41CC-A462-9ED34E081C47} = {D9BF0696-2521-435F-B22F-267128883B65}
		{E5C89D27-EF53-47E8-B893-BF3DAD5DEBB7} = {D9BF0696-2521-435F-B22F-267128883B65}
		{537F6F45-BFA3-4093-A855-EAD4FF2FF175} = {C4CC00B2-1383-4BEC-A11E-E196519140E4}
		{88953AF4-7DDA-4D43-9032-D64B205FC934} = {537F6F45-BFA3-4093-A855-EAD4FF2FF175}
		{8758FBDB-9295-0DA5-31B6-DA01667F06FB} = {D9BF0696-2521-435F-B22F-267128883B65}
		{A369BD01-EA22-4EDA-80CB-CF9D7922620C} = {98E26C3A-B6EE-43F2-B471-D0FEFCA580D6}
		{E73DC457-B90B-4D0C-A04B-7DA27036A153} = {98E26C3A-B6EE-43F2-B471-D0FEFCA580D6}
		{34E9AE1E-D7D4-499F-B4CC-E1A17DD15824} = {A369BD01-EA22-4EDA-80CB-CF9D7922620C}
	EndGlobalSection
	GlobalSection(ExtensibilityGlobals) = postSolution
		SolutionGuid = {62FAEC1C-9CF9-451E-B725-08BC1EBE2864}
	EndGlobalSection
EndGlobal
